<Solution>
  <Folder Name="/src/">
    <Project Path="src/Chess/Chess.csproj" />
    <Project Path="src/EightQueens/EightQueens.csproj" />
    <Project Path="src/GeoLocator/GeoLocator.csproj" />
    <Project Path="src/MusicalInstrument/MusicalInstrument.csproj" />
    <Project Path="src/WeatherTrend/WeatherTrend.csproj" />
  </Folder>
  <Folder Name="/tests/">
    <Project Path="tests/EightQueens.Tests/EightQueens.Tests.csproj" />
  </Folder>
</Solution>
